# THIS IS AN AUTOGENERATED FILE. DO NOT EDIT THIS FILE DIRECTLY.
# yarn lockfile v1


"@mdi/font@^4.4.95":
  version "4.4.95"
  resolved "https://registry.yarnpkg.com/@mdi/font/-/font-4.4.95.tgz#4a00f46a500120714ded1524f376f7882346d3fd"
  integrity sha512-9BSvtpDF83dQ06VmwCeXTebzZZisIf4u6d62uC53oD6bzBUEMqiQrbW+oxyFrBYn3VxttRt/MKuL/wKUV9HWmA==
